{
  "name": "music-blog",
  "lockfileVersion": 3,
  "requires": true,
  "packages": {
    "": {
      "dependencies": {
        "commander": "^13.1.0",
        "eta": "^3.5.0",
        "html-prettify": "^1.0.7"
      }
    },
    "node_modules/commander": {
      "version": "13.1.0",
      "resolved": "https://registry.npmjs.org/commander/-/commander-13.1.0.tgz",
      "integrity": "sha512-/rFeCpNJQbhSZjGVwO9RFV3xPqbnERS8MmIQzCtD/zl6gpJuV/bMLuN92oG3F7d8oDEHHRrujSXNUr8fpjntKw==",
      "engines": {
        "node": ">=18"
      }
    },
    "node_modules/eta": {
      "version": "3.5.0",
      "resolved": "https://registry.npmjs.org/eta/-/eta-3.5.0.tgz",
      "integrity": "sha512-e3x3FBvGzeCIHhF+zhK8FZA2vC5uFn6b4HJjegUbIWrDb4mJ7JjTGMJY9VGIbRVpmSwHopNiaJibhjIr+HfLug==",
      "engines": {
        "node": ">=6.0.0"
      },
      "funding": {
        "url": "https://github.com/eta-dev/eta?sponsor=1"
      }
    },
    "node_modules/html-prettify": {
      "version": "1.0.7",
      "resolved": "https://registry.npmjs.org/html-prettify/-/html-prettify-1.0.7.tgz",
      "integrity": "sha512-99pRsP2PV2DyWnrVibNyad7gNmzCP7AANO8jw7Z9yanWyXH9dPdqdMXGefySplroqCNdk95u7j5TLxfyJ1Cbbg=="
    }
  }
}
